
Microsoft Visual Studio Solution File, Format Version 12.00
# Visual Studio Version 17
VisualStudioVersion = 17.6.33829.357
MinimumVisualStudioVersion = 10.0.40219.1
Project("{FAE04EC0-301F-11D3-BF4B-00C04F79EFBC}") = "TDD", "TDD\TDD.csproj", "{D4996942-9E10-45C6-A811-84290ED7429C}"
EndProject
Project("{FAE04EC0-301F-11D3-BF4B-00C04F79EFBC}") = "TDD.Tests", "TDD.Tests\TDD.Tests.csproj", "{3FFCF105-75E5-4B5B-B1C5-7CB1C8F7E486}"
EndProject
Global
	GlobalSection(SolutionConfigurationPlatforms) = preSolution
		Debug|Any CPU = Debug|Any CPU
		Release|Any CPU = Release|Any CPU
	EndGlobalSection
	GlobalSection(ProjectConfigurationPlatforms) = postSolution
		{D4996942-9E10-45C6-A811-84290ED7429C}.Debug|Any CPU.ActiveCfg = Debug|Any CPU
		{D4996942-9E10-45C6-A811-84290ED7429C}.Debug|Any CPU.Build.0 = Debug|Any CPU
		{D4996942-9E10-45C6-A811-84290ED7429C}.Release|Any CPU.ActiveCfg = Release|Any CPU
		{D4996942-9E10-45C6-A811-84290ED7429C}.Release|Any CPU.Build.0 = Release|Any CPU
		{3FFCF105-75E5-4B5B-B1C5-7CB1C8F7E486}.Debug|Any CPU.ActiveCfg = Debug|Any CPU
		{3FFCF105-75E5-4B5B-B1C5-7CB1C8F7E486}.Debug|Any CPU.Build.0 = Debug|Any CPU
		{3FFCF105-75E5-4B5B-B1C5-7CB1C8F7E486}.Release|Any CPU.ActiveCfg = Release|Any CPU
		{3FFCF105-75E5-4B5B-B1C5-7CB1C8F7E486}.Release|Any CPU.Build.0 = Release|Any CPU
	EndGlobalSection
	GlobalSection(SolutionProperties) = preSolution
		HideSolutionNode = FALSE
	EndGlobalSection
	GlobalSection(ExtensibilityGlobals) = postSolution
		SolutionGuid = {6DEEE169-CB33-407F-9F8E-62372D1CB6B1}
	EndGlobalSection
EndGlobal
